// !$*UTF8*$!
{
	archiveVersion = 1;
	classes = {
	};
	objectVersion = 50;
	objects = {

/* Begin PBXBuildFile section */
		1275BE3BB04C56FDB816F461 /* Pods_ShowcaseApp.framework in Frameworks */ = {isa = PBXBuildFile; fileRef = B1864CDF216D336BD17DB973 /* Pods_ShowcaseApp.framework */; };
		3DC3E053E78B7159DFA30ADD /* Pods_ShowcaseAppTests.framework in Frameworks */ = {isa = PBXBuildFile; fileRef = 2E1A5EA0FD944674810D4D8A /* Pods_ShowcaseAppTests.framework */; };
		F1E1920B2167B952003615F7 /* AppDelegate.swift in Sources */ = {isa = PBXBuildFile; fileRef = F1E1920A2167B952003615F7 /* AppDelegate.swift */; };
		F1E1920D2167B952003615F7 /* UsersViewController.swift in Sources */ = {isa = PBXBuildFile; fileRef = F1E1920C2167B952003615F7 /* UsersViewController.swift */; };
		F1E192122167B952003615F7 /* Assets.xcassets in Resources */ = {isa = PBXBuildFile; fileRef = F1E192112167B952003615F7 /* Assets.xcassets */; };
		F1E192152167B952003615F7 /* LaunchScreen.storyboard in Resources */ = {isa = PBXBuildFile; fileRef = F1E192132167B952003615F7 /* LaunchScreen.storyboard */; };
		F1E1922D21689780003615F7 /* APIProtocol.swift in Sources */ = {isa = PBXBuildFile; fileRef = F1E1922C21689780003615F7 /* APIProtocol.swift */; };
		F1E19232216898C6003615F7 /* User.swift in Sources */ = {isa = PBXBuildFile; fileRef = F1E19231216898C6003615F7 /* User.swift */; };
		F1E192342168998E003615F7 /* Address.swift in Sources */ = {isa = PBXBuildFile; fileRef = F1E192332168998E003615F7 /* Address.swift */; };
		F1E1923621689B66003615F7 /* APIError.swift in Sources */ = {isa = PBXBuildFile; fileRef = F1E1923521689B66003615F7 /* APIError.swift */; };
		F1E1923821689C13003615F7 /* Resource.swift in Sources */ = {isa = PBXBuildFile; fileRef = F1E1923721689C13003615F7 /* Resource.swift */; };
		F1E1923A21689C9F003615F7 /* Response.swift in Sources */ = {isa = PBXBuildFile; fileRef = F1E1923921689C9F003615F7 /* Response.swift */; };
		F1E1923C21689CD4003615F7 /* Request.swift in Sources */ = {isa = PBXBuildFile; fileRef = F1E1923B21689CD4003615F7 /* Request.swift */; };
		F1E1923E21689CF8003615F7 /* API.swift in Sources */ = {isa = PBXBuildFile; fileRef = F1E1923D21689CF8003615F7 /* API.swift */; };
		F1E192442168A4F5003615F7 /* TableView.swift in Sources */ = {isa = PBXBuildFile; fileRef = F1E192432168A4F5003615F7 /* TableView.swift */; };
		F1E192462168A50A003615F7 /* UsersViewModel.swift in Sources */ = {isa = PBXBuildFile; fileRef = F1E192452168A50A003615F7 /* UsersViewModel.swift */; };
		F1E192482168A56E003615F7 /* UsersTableViewCell.swift in Sources */ = {isa = PBXBuildFile; fileRef = F1E192472168A56E003615F7 /* UsersTableViewCell.swift */; };
		F1E1924B2168A729003615F7 /* UIFont+Helpers.swift in Sources */ = {isa = PBXBuildFile; fileRef = F1E1924A2168A729003615F7 /* UIFont+Helpers.swift */; };
		F1E1924D2168A736003615F7 /* UILabel+Helpers.swift in Sources */ = {isa = PBXBuildFile; fileRef = F1E1924C2168A736003615F7 /* UILabel+Helpers.swift */; };
		F1E1924F2168B714003615F7 /* UsersCellViewModel.swift in Sources */ = {isa = PBXBuildFile; fileRef = F1E1924E2168B714003615F7 /* UsersCellViewModel.swift */; };
		F1E192512168BC2C003615F7 /* Post.swift in Sources */ = {isa = PBXBuildFile; fileRef = F1E192502168BC2C003615F7 /* Post.swift */; };
		F1E192532168BF07003615F7 /* APITests.swift in Sources */ = {isa = PBXBuildFile; fileRef = F1E192522168BF07003615F7 /* APITests.swift */; };
		F1E192562168C458003615F7 /* PostsTableViewCell.swift in Sources */ = {isa = PBXBuildFile; fileRef = F1E192552168C458003615F7 /* PostsTableViewCell.swift */; };
		F1E1925B2168C860003615F7 /* PostsViewController.swift in Sources */ = {isa = PBXBuildFile; fileRef = F1E1925A2168C85F003615F7 /* PostsViewController.swift */; };
		F1E1925D2168C87D003615F7 /* PostsViewModel.swift in Sources */ = {isa = PBXBuildFile; fileRef = F1E1925C2168C87D003615F7 /* PostsViewModel.swift */; };
		F1E1925F2168C901003615F7 /* PostCellViewModel.swift in Sources */ = {isa = PBXBuildFile; fileRef = F1E1925E2168C901003615F7 /* PostCellViewModel.swift */; };
/* End PBXBuildFile section */

/* Begin PBXContainerItemProxy section */
		F1E1921C2167B953003615F7 /* PBXContainerItemProxy */ = {
			isa = PBXContainerItemProxy;
			containerPortal = F1E191FF2167B952003615F7 /* Project object */;
			proxyType = 1;
			remoteGlobalIDString = F1E192062167B952003615F7;
			remoteInfo = ShowcaseApp;
		};
/* End PBXContainerItemProxy section */

/* Begin PBXFileReference section */
		2E1A5EA0FD944674810D4D8A /* Pods_ShowcaseAppTests.framework */ = {isa = PBXFileReference; explicitFileType = wrapper.framework; includeInIndex = 0; path = Pods_ShowcaseAppTests.framework; sourceTree = BUILT_PRODUCTS_DIR; };
		47B32DB0CBEDE94682B7F02C /* Pods-ShowcaseAppTests.release.xcconfig */ = {isa = PBXFileReference; includeInIndex = 1; lastKnownFileType = text.xcconfig; name = "Pods-ShowcaseAppTests.release.xcconfig"; path = "Target Support Files/Pods-ShowcaseAppTests/Pods-ShowcaseAppTests.release.xcconfig"; sourceTree = "<group>"; };
		55D6F67CA6CA8F0FBE952352 /* Pods-ShowcaseApp.debug.xcconfig */ = {isa = PBXFileReference; includeInIndex = 1; lastKnownFileType = text.xcconfig; name = "Pods-ShowcaseApp.debug.xcconfig"; path = "Target Support Files/Pods-ShowcaseApp/Pods-ShowcaseApp.debug.xcconfig"; sourceTree = "<group>"; };
		B1864CDF216D336BD17DB973 /* Pods_ShowcaseApp.framework */ = {isa = PBXFileReference; explicitFileType = wrapper.framework; includeInIndex = 0; path = Pods_ShowcaseApp.framework; sourceTree = BUILT_PRODUCTS_DIR; };
		D7289295DCAF4CB3B04E0FDD /* Pods-ShowcaseApp.release.xcconfig */ = {isa = PBXFileReference; includeInIndex = 1; lastKnownFileType = text.xcconfig; name = "Pods-ShowcaseApp.release.xcconfig"; path = "Target Support Files/Pods-ShowcaseApp/Pods-ShowcaseApp.release.xcconfig"; sourceTree = "<group>"; };
		E509267658E4EC61DA0C57E2 /* Pods-ShowcaseAppTests.debug.xcconfig */ = {isa = PBXFileReference; includeInIndex = 1; lastKnownFileType = text.xcconfig; name = "Pods-ShowcaseAppTests.debug.xcconfig"; path = "Target Support Files/Pods-ShowcaseAppTests/Pods-ShowcaseAppTests.debug.xcconfig"; sourceTree = "<group>"; };
		F1E192072167B952003615F7 /* ShowcaseApp.app */ = {isa = PBXFileReference; explicitFileType = wrapper.application; includeInIndex = 0; path = ShowcaseApp.app; sourceTree = BUILT_PRODUCTS_DIR; };
		F1E1920A2167B952003615F7 /* AppDelegate.swift */ = {isa = PBXFileReference; lastKnownFileType = sourcecode.swift; path = AppDelegate.swift; sourceTree = "<group>"; };
		F1E1920C2167B952003615F7 /* UsersViewController.swift */ = {isa = PBXFileReference; lastKnownFileType = sourcecode.swift; path = UsersViewController.swift; sourceTree = "<group>"; };
		F1E192112167B952003615F7 /* Assets.xcassets */ = {isa = PBXFileReference; lastKnownFileType = folder.assetcatalog; path = Assets.xcassets; sourceTree = "<group>"; };
		F1E192142167B952003615F7 /* Base */ = {isa = PBXFileReference; lastKnownFileType = file.storyboard; name = Base; path = Base.lproj/LaunchScreen.storyboard; sourceTree = "<group>"; };
		F1E192162167B952003615F7 /* Info.plist */ = {isa = PBXFileReference; lastKnownFileType = text.plist.xml; path = Info.plist; sourceTree = "<group>"; };
		F1E1921B2167B953003615F7 /* ShowcaseAppTests.xctest */ = {isa = PBXFileReference; explicitFileType = wrapper.cfbundle; includeInIndex = 0; path = ShowcaseAppTests.xctest; sourceTree = BUILT_PRODUCTS_DIR; };
		F1E192212167B953003615F7 /* Info.plist */ = {isa = PBXFileReference; lastKnownFileType = text.plist.xml; path = Info.plist; sourceTree = "<group>"; };
		F1E1922C21689780003615F7 /* APIProtocol.swift */ = {isa = PBXFileReference; lastKnownFileType = sourcecode.swift; path = APIProtocol.swift; sourceTree = "<group>"; };
		F1E19231216898C6003615F7 /* User.swift */ = {isa = PBXFileReference; lastKnownFileType = sourcecode.swift; path = User.swift; sourceTree = "<group>"; };
		F1E192332168998E003615F7 /* Address.swift */ = {isa = PBXFileReference; lastKnownFileType = sourcecode.swift; path = Address.swift; sourceTree = "<group>"; };
		F1E1923521689B66003615F7 /* APIError.swift */ = {isa = PBXFileReference; lastKnownFileType = sourcecode.swift; path = APIError.swift; sourceTree = "<group>"; };
		F1E1923721689C13003615F7 /* Resource.swift */ = {isa = PBXFileReference; lastKnownFileType = sourcecode.swift; path = Resource.swift; sourceTree = "<group>"; };
		F1E1923921689C9F003615F7 /* Response.swift */ = {isa = PBXFileReference; lastKnownFileType = sourcecode.swift; path = Response.swift; sourceTree = "<group>"; };
		F1E1923B21689CD4003615F7 /* Request.swift */ = {isa = PBXFileReference; lastKnownFileType = sourcecode.swift; path = Request.swift; sourceTree = "<group>"; };
		F1E1923D21689CF8003615F7 /* API.swift */ = {isa = PBXFileReference; lastKnownFileType = sourcecode.swift; path = API.swift; sourceTree = "<group>"; };
		F1E192432168A4F5003615F7 /* TableView.swift */ = {isa = PBXFileReference; lastKnownFileType = sourcecode.swift; path = TableView.swift; sourceTree = "<group>"; };
		F1E192452168A50A003615F7 /* UsersViewModel.swift */ = {isa = PBXFileReference; lastKnownFileType = sourcecode.swift; path = UsersViewModel.swift; sourceTree = "<group>"; };
		F1E192472168A56E003615F7 /* UsersTableViewCell.swift */ = {isa = PBXFileReference; lastKnownFileType = sourcecode.swift; path = UsersTableViewCell.swift; sourceTree = "<group>"; };
		F1E1924A2168A729003615F7 /* UIFont+Helpers.swift */ = {isa = PBXFileReference; lastKnownFileType = sourcecode.swift; path = "UIFont+Helpers.swift"; sourceTree = "<group>"; };
		F1E1924C2168A736003615F7 /* UILabel+Helpers.swift */ = {isa = PBXFileReference; lastKnownFileType = sourcecode.swift; path = "UILabel+Helpers.swift"; sourceTree = "<group>"; };
		F1E1924E2168B714003615F7 /* UsersCellViewModel.swift */ = {isa = PBXFileReference; lastKnownFileType = sourcecode.swift; path = UsersCellViewModel.swift; sourceTree = "<group>"; };
		F1E192502168BC2C003615F7 /* Post.swift */ = {isa = PBXFileReference; lastKnownFileType = sourcecode.swift; path = Post.swift; sourceTree = "<group>"; };
		F1E192522168BF07003615F7 /* APITests.swift */ = {isa = PBXFileReference; fileEncoding = 4; lastKnownFileType = sourcecode.swift; path = APITests.swift; sourceTree = "<group>"; };
		F1E192552168C458003615F7 /* PostsTableViewCell.swift */ = {isa = PBXFileReference; lastKnownFileType = sourcecode.swift; path = PostsTableViewCell.swift; sourceTree = "<group>"; };
		F1E1925A2168C85F003615F7 /* PostsViewController.swift */ = {isa = PBXFileReference; lastKnownFileType = sourcecode.swift; path = PostsViewController.swift; sourceTree = "<group>"; };
		F1E1925C2168C87D003615F7 /* PostsViewModel.swift */ = {isa = PBXFileReference; lastKnownFileType = sourcecode.swift; path = PostsViewModel.swift; sourceTree = "<group>"; };
		F1E1925E2168C901003615F7 /* PostCellViewModel.swift */ = {isa = PBXFileReference; lastKnownFileType = sourcecode.swift; path = PostCellViewModel.swift; sourceTree = "<group>"; };
/* End PBXFileReference section */

/* Begin PBXFrameworksBuildPhase section */
		F1E192042167B952003615F7 /* Frameworks */ = {
			isa = PBXFrameworksBuildPhase;
			buildActionMask = 2147483647;
			files = (
				1275BE3BB04C56FDB816F461 /* Pods_ShowcaseApp.framework in Frameworks */,
			);
			runOnlyForDeploymentPostprocessing = 0;
		};
		F1E192182167B953003615F7 /* Frameworks */ = {
			isa = PBXFrameworksBuildPhase;
			buildActionMask = 2147483647;
			files = (
				3DC3E053E78B7159DFA30ADD /* Pods_ShowcaseAppTests.framework in Frameworks */,
			);
			runOnlyForDeploymentPostprocessing = 0;
		};
/* End PBXFrameworksBuildPhase section */

/* Begin PBXGroup section */
		544F2108AA187662481AF36A /* Frameworks */ = {
			isa = PBXGroup;
			children = (
				B1864CDF216D336BD17DB973 /* Pods_ShowcaseApp.framework */,
				2E1A5EA0FD944674810D4D8A /* Pods_ShowcaseAppTests.framework */,
			);
			name = Frameworks;
			sourceTree = "<group>";
		};
		9E8B99D66A9B28ED51CEEF73 /* Pods */ = {
			isa = PBXGroup;
			children = (
				55D6F67CA6CA8F0FBE952352 /* Pods-ShowcaseApp.debug.xcconfig */,
				D7289295DCAF4CB3B04E0FDD /* Pods-ShowcaseApp.release.xcconfig */,
				E509267658E4EC61DA0C57E2 /* Pods-ShowcaseAppTests.debug.xcconfig */,
				47B32DB0CBEDE94682B7F02C /* Pods-ShowcaseAppTests.release.xcconfig */,
			);
			path = Pods;
			sourceTree = "<group>";
		};
		F1E191FE2167B952003615F7 = {
			isa = PBXGroup;
			children = (
				F1E192092167B952003615F7 /* ShowcaseApp */,
				F1E1921E2167B953003615F7 /* ShowcaseAppTests */,
				F1E192082167B952003615F7 /* Products */,
				9E8B99D66A9B28ED51CEEF73 /* Pods */,
				544F2108AA187662481AF36A /* Frameworks */,
			);
			sourceTree = "<group>";
		};
		F1E192082167B952003615F7 /* Products */ = {
			isa = PBXGroup;
			children = (
				F1E192072167B952003615F7 /* ShowcaseApp.app */,
				F1E1921B2167B953003615F7 /* ShowcaseAppTests.xctest */,
			);
			name = Products;
			sourceTree = "<group>";
		};
		F1E192092167B952003615F7 /* ShowcaseApp */ = {
			isa = PBXGroup;
			children = (
				F1E1920A2167B952003615F7 /* AppDelegate.swift */,
				F1E1922A2167BA4E003615F7 /* Assets */,
				F1E192492168A70C003615F7 /* Helpers */,
				F1E19230216898AD003615F7 /* Models */,
				F1E1922B21689758003615F7 /* Networking */,
				F1E192412168A4CC003615F7 /* Screens */,
				F1E192542168BFD0003615F7 /* Views */,
			);
			path = ShowcaseApp;
			sourceTree = "<group>";
		};
		F1E1921E2167B953003615F7 /* ShowcaseAppTests */ = {
			isa = PBXGroup;
			children = (
				F1E192522168BF07003615F7 /* APITests.swift */,
				F1E192212167B953003615F7 /* Info.plist */,
			);
			path = ShowcaseAppTests;
			sourceTree = "<group>";
		};
		F1E1922A2167BA4E003615F7 /* Assets */ = {
			isa = PBXGroup;
			children = (
				F1E192112167B952003615F7 /* Assets.xcassets */,
				F1E192132167B952003615F7 /* LaunchScreen.storyboard */,
				F1E192162167B952003615F7 /* Info.plist */,
			);
			path = Assets;
			sourceTree = "<group>";
		};
		F1E1922B21689758003615F7 /* Networking */ = {
			isa = PBXGroup;
			children = (
				F1E1923D21689CF8003615F7 /* API.swift */,
				F1E1923521689B66003615F7 /* APIError.swift */,
				F1E1922C21689780003615F7 /* APIProtocol.swift */,
				F1E1923B21689CD4003615F7 /* Request.swift */,
				F1E1923721689C13003615F7 /* Resource.swift */,
				F1E1923921689C9F003615F7 /* Response.swift */,
			);
			path = Networking;
			sourceTree = "<group>";
		};
		F1E19230216898AD003615F7 /* Models */ = {
			isa = PBXGroup;
			children = (
				F1E192332168998E003615F7 /* Address.swift */,
				F1E192502168BC2C003615F7 /* Post.swift */,
				F1E19231216898C6003615F7 /* User.swift */,
			);
			path = Models;
			sourceTree = "<group>";
		};
		F1E192412168A4CC003615F7 /* Screens */ = {
			isa = PBXGroup;
			children = (
				F1E192592168C84F003615F7 /* Posts */,
				F1E192422168A4D5003615F7 /* Users */,
			);
			path = Screens;
			sourceTree = "<group>";
		};
		F1E192422168A4D5003615F7 /* Users */ = {
			isa = PBXGroup;
			children = (
				F1E1924E2168B714003615F7 /* UsersCellViewModel.swift */,
				F1E1920C2167B952003615F7 /* UsersViewController.swift */,
				F1E192452168A50A003615F7 /* UsersViewModel.swift */,
			);
			path = Users;
			sourceTree = "<group>";
		};
		F1E192492168A70C003615F7 /* Helpers */ = {
			isa = PBXGroup;
			children = (
				F1E1924A2168A729003615F7 /* UIFont+Helpers.swift */,
				F1E1924C2168A736003615F7 /* UILabel+Helpers.swift */,
			);
			path = Helpers;
			sourceTree = "<group>";
		};
		F1E192542168BFD0003615F7 /* Views */ = {
			isa = PBXGroup;
			children = (
				F1E192552168C458003615F7 /* PostsTableViewCell.swift */,
				F1E192432168A4F5003615F7 /* TableView.swift */,
				F1E192472168A56E003615F7 /* UsersTableViewCell.swift */,
			);
			path = Views;
			sourceTree = "<group>";
		};
		F1E192592168C84F003615F7 /* Posts */ = {
			isa = PBXGroup;
			children = (
				F1E1925E2168C901003615F7 /* PostCellViewModel.swift */,
				F1E1925A2168C85F003615F7 /* PostsViewController.swift */,
				F1E1925C2168C87D003615F7 /* PostsViewModel.swift */,
			);
			path = Posts;
			sourceTree = "<group>";
		};
/* End PBXGroup section */

/* Begin PBXNativeTarget section */
		F1E192062167B952003615F7 /* ShowcaseApp */ = {
			isa = PBXNativeTarget;
			buildConfigurationList = F1E192242167B953003615F7 /* Build configuration list for PBXNativeTarget "ShowcaseApp" */;
			buildPhases = (
				DE8A7569E64CA69609A53419 /* [CP] Check Pods Manifest.lock */,
				F1E192032167B952003615F7 /* Sources */,
				F1E192042167B952003615F7 /* Frameworks */,
				F1E192052167B952003615F7 /* Resources */,
				07C994642FA13B5F14E50079 /* [CP] Embed Pods Frameworks */,
			);
			buildRules = (
			);
			dependencies = (
			);
			name = ShowcaseApp;
			productName = ShowcaseApp;
			productReference = F1E192072167B952003615F7 /* ShowcaseApp.app */;
			productType = "com.apple.product-type.application";
		};
		F1E1921A2167B953003615F7 /* ShowcaseAppTests */ = {
			isa = PBXNativeTarget;
			buildConfigurationList = F1E192272167B953003615F7 /* Build configuration list for PBXNativeTarget "ShowcaseAppTests" */;
			buildPhases = (
				3EBE9161D8C19D46F527E54F /* [CP] Check Pods Manifest.lock */,
				F1E192172167B953003615F7 /* Sources */,
				F1E192182167B953003615F7 /* Frameworks */,
				F1E192192167B953003615F7 /* Resources */,
			);
			buildRules = (
			);
			dependencies = (
				F1E1921D2167B953003615F7 /* PBXTargetDependency */,
			);
			name = ShowcaseAppTests;
			productName = ShowcaseAppTests;
			productReference = F1E1921B2167B953003615F7 /* ShowcaseAppTests.xctest */;
			productType = "com.apple.product-type.bundle.unit-test";
		};
/* End PBXNativeTarget section */

/* Begin PBXProject section */
		F1E191FF2167B952003615F7 /* Project object */ = {
			isa = PBXProject;
			attributes = {
				LastSwiftUpdateCheck = 1000;
				LastUpgradeCheck = 1000;
				ORGANIZATIONNAME = "Pintumo UG";
				TargetAttributes = {
					F1E192062167B952003615F7 = {
						CreatedOnToolsVersion = 10.0;
					};
					F1E1921A2167B953003615F7 = {
						CreatedOnToolsVersion = 10.0;
						TestTargetID = F1E192062167B952003615F7;
					};
				};
			};
			buildConfigurationList = F1E192022167B952003615F7 /* Build configuration list for PBXProject "ShowcaseApp" */;
			compatibilityVersion = "Xcode 9.3";
			developmentRegion = en;
			hasScannedForEncodings = 0;
			knownRegions = (
				en,
				Base,
			);
			mainGroup = F1E191FE2167B952003615F7;
			productRefGroup = F1E192082167B952003615F7 /* Products */;
			projectDirPath = "";
			projectRoot = "";
			targets = (
				F1E192062167B952003615F7 /* ShowcaseApp */,
				F1E1921A2167B953003615F7 /* ShowcaseAppTests */,
			);
		};
/* End PBXProject section */

/* Begin PBXResourcesBuildPhase section */
		F1E192052167B952003615F7 /* Resources */ = {
			isa = PBXResourcesBuildPhase;
			buildActionMask = 2147483647;
			files = (
				F1E192152167B952003615F7 /* LaunchScreen.storyboard in Resources */,
				F1E192122167B952003615F7 /* Assets.xcassets in Resources */,
			);
			runOnlyForDeploymentPostprocessing = 0;
		};
		F1E192192167B953003615F7 /* Resources */ = {
			isa = PBXResourcesBuildPhase;
			buildActionMask = 2147483647;
			files = (
			);
			runOnlyForDeploymentPostprocessing = 0;
		};
/* End PBXResourcesBuildPhase section */

/* Begin PBXShellScriptBuildPhase section */
		07C994642FA13B5F14E50079 /* [CP] Embed Pods Frameworks */ = {
			isa = PBXShellScriptBuildPhase;
			buildActionMask = 2147483647;
			files = (
			);
			inputFileListPaths = (
			);
			inputPaths = (
				"${PODS_ROOT}/Target Support Files/Pods-ShowcaseApp/Pods-ShowcaseApp-frameworks.sh",
				"${BUILT_PRODUCTS_DIR}/SnapKit/SnapKit.framework",
			);
			name = "[CP] Embed Pods Frameworks";
			outputFileListPaths = (
			);
			outputPaths = (
				"${TARGET_BUILD_DIR}/${FRAMEWORKS_FOLDER_PATH}/SnapKit.framework",
			);
			runOnlyForDeploymentPostprocessing = 0;
			shellPath = /bin/sh;
			shellScript = "\"${PODS_ROOT}/Target Support Files/Pods-ShowcaseApp/Pods-ShowcaseApp-frameworks.sh\"\n";
			showEnvVarsInLog = 0;
		};
		3EBE9161D8C19D46F527E54F /* [CP] Check Pods Manifest.lock */ = {
			isa = PBXShellScriptBuildPhase;
			buildActionMask = 2147483647;
			files = (
			);
			inputFileListPaths = (
			);
			inputPaths = (
				"${PODS_PODFILE_DIR_PATH}/Podfile.lock",
				"${PODS_ROOT}/Manifest.lock",
			);
			name = "[CP] Check Pods Manifest.lock";
			outputFileListPaths = (
			);
			outputPaths = (
				"$(DERIVED_FILE_DIR)/Pods-ShowcaseAppTests-checkManifestLockResult.txt",
			);
			runOnlyForDeploymentPostprocessing = 0;
			shellPath = /bin/sh;
			shellScript = "diff \"${PODS_PODFILE_DIR_PATH}/Podfile.lock\" \"${PODS_ROOT}/Manifest.lock\" > /dev/null\nif [ $? != 0 ] ; then\n    # print error to STDERR\n    echo \"error: The sandbox is not in sync with the Podfile.lock. Run 'pod install' or update your CocoaPods installation.\" >&2\n    exit 1\nfi\n# This output is used by Xcode 'outputs' to avoid re-running this script phase.\necho \"SUCCESS\" > \"${SCRIPT_OUTPUT_FILE_0}\"\n";
			showEnvVarsInLog = 0;
		};
		DE8A7569E64CA69609A53419 /* [CP] Check Pods Manifest.lock */ = {
			isa = PBXShellScriptBuildPhase;
			buildActionMask = 2147483647;
			files = (
			);
			inputFileListPaths = (
			);
			inputPaths = (
				"${PODS_PODFILE_DIR_PATH}/Podfile.lock",
				"${PODS_ROOT}/Manifest.lock",
			);
			name = "[CP] Check Pods Manifest.lock";
			outputFileListPaths = (
			);
			outputPaths = (
				"$(DERIVED_FILE_DIR)/Pods-ShowcaseApp-checkManifestLockResult.txt",
			);
			runOnlyForDeploymentPostprocessing = 0;
			shellPath = /bin/sh;
			shellScript = "diff \"${PODS_PODFILE_DIR_PATH}/Podfile.lock\" \"${PODS_ROOT}/Manifest.lock\" > /dev/null\nif [ $? != 0 ] ; then\n    # print error to STDERR\n    echo \"error: The sandbox is not in sync with the Podfile.lock. Run 'pod install' or update your CocoaPods installation.\" >&2\n    exit 1\nfi\n# This output is used by Xcode 'outputs' to avoid re-running this script phase.\necho \"SUCCESS\" > \"${SCRIPT_OUTPUT_FILE_0}\"\n";
			showEnvVarsInLog = 0;
		};
/* End PBXShellScriptBuildPhase section */

/* Begin PBXSourcesBuildPhase section */
		F1E192032167B952003615F7 /* Sources */ = {
			isa = PBXSourcesBuildPhase;
			buildActionMask = 2147483647;
			files = (
				F1E1923A21689C9F003615F7 /* Response.swift in Sources */,
				F1E1924F2168B714003615F7 /* UsersCellViewModel.swift in Sources */,
				F1E192462168A50A003615F7 /* UsersViewModel.swift in Sources */,
				F1E19232216898C6003615F7 /* User.swift in Sources */,
				F1E192512168BC2C003615F7 /* Post.swift in Sources */,
				F1E1925F2168C901003615F7 /* PostCellViewModel.swift in Sources */,
				F1E192482168A56E003615F7 /* UsersTableViewCell.swift in Sources */,
				F1E1925B2168C860003615F7 /* PostsViewController.swift in Sources */,
				F1E1920D2167B952003615F7 /* UsersViewController.swift in Sources */,
				F1E1922D21689780003615F7 /* APIProtocol.swift in Sources */,
				F1E1924D2168A736003615F7 /* UILabel+Helpers.swift in Sources */,
				F1E1923E21689CF8003615F7 /* API.swift in Sources */,
				F1E1920B2167B952003615F7 /* AppDelegate.swift in Sources */,
				F1E192342168998E003615F7 /* Address.swift in Sources */,
				F1E1923621689B66003615F7 /* APIError.swift in Sources */,
				F1E1923C21689CD4003615F7 /* Request.swift in Sources */,
				F1E192442168A4F5003615F7 /* TableView.swift in Sources */,
				F1E1925D2168C87D003615F7 /* PostsViewModel.swift in Sources */,
				F1E192562168C458003615F7 /* PostsTableViewCell.swift in Sources */,
				F1E1924B2168A729003615F7 /* UIFont+Helpers.swift in Sources */,
				F1E1923821689C13003615F7 /* Resource.swift in Sources */,
			);
			runOnlyForDeploymentPostprocessing = 0;
		};
		F1E192172167B953003615F7 /* Sources */ = {
			isa = PBXSourcesBuildPhase;
			buildActionMask = 2147483647;
			files = (
				F1E192532168BF07003615F7 /* APITests.swift in Sources */,
			);
			runOnlyForDeploymentPostprocessing = 0;
		};
/* End PBXSourcesBuildPhase section */

/* Begin PBXTargetDependency section */
		F1E1921D2167B953003615F7 /* PBXTargetDependency */ = {
			isa = PBXTargetDependency;
			target = F1E192062167B952003615F7 /* ShowcaseApp */;
			targetProxy = F1E1921C2167B953003615F7 /* PBXContainerItemProxy */;
		};
/* End PBXTargetDependency section */

/* Begin PBXVariantGroup section */
		F1E192132167B952003615F7 /* LaunchScreen.storyboard */ = {
			isa = PBXVariantGroup;
			children = (
				F1E192142167B952003615F7 /* Base */,
			);
			name = LaunchScreen.storyboard;
			sourceTree = "<group>";
		};
/* End PBXVariantGroup section */

/* Begin XCBuildConfiguration section */
		F1E192222167B953003615F7 /* Debug */ = {
			isa = XCBuildConfiguration;
			buildSettings = {
				ALWAYS_SEARCH_USER_PATHS = NO;
				CLANG_ANALYZER_NONNULL = YES;
				CLANG_ANALYZER_NUMBER_OBJECT_CONVERSION = YES_AGGRESSIVE;
				CLANG_CXX_LANGUAGE_STANDARD = "gnu++14";
				CLANG_CXX_LIBRARY = "libc++";
				CLANG_ENABLE_MODULES = YES;
				CLANG_ENABLE_OBJC_ARC = YES;
				CLANG_ENABLE_OBJC_WEAK = YES;
				CLANG_WARN_BLOCK_CAPTURE_AUTORELEASING = YES;
				CLANG_WARN_BOOL_CONVERSION = YES;
				CLANG_WARN_COMMA = YES;
				CLANG_WARN_CONSTANT_CONVERSION = YES;
				CLANG_WARN_DEPRECATED_OBJC_IMPLEMENTATIONS = YES;
				CLANG_WARN_DIRECT_OBJC_ISA_USAGE = YES_ERROR;
				CLANG_WARN_DOCUMENTATION_COMMENTS = YES;
				CLANG_WARN_EMPTY_BODY = YES;
				CLANG_WARN_ENUM_CONVERSION = YES;
				CLANG_WARN_INFINITE_RECURSION = YES;
				CLANG_WARN_INT_CONVERSION = YES;
				CLANG_WARN_NON_LITERAL_NULL_CONVERSION = YES;
				CLANG_WARN_OBJC_IMPLICIT_RETAIN_SELF = YES;
				CLANG_WARN_OBJC_LITERAL_CONVERSION = YES;
				CLANG_WARN_OBJC_ROOT_CLASS = YES_ERROR;
				CLANG_WARN_RANGE_LOOP_ANALYSIS = YES;
				CLANG_WARN_STRICT_PROTOTYPES = YES;
				CLANG_WARN_SUSPICIOUS_MOVE = YES;
				CLANG_WARN_UNGUARDED_AVAILABILITY = YES_AGGRESSIVE;
				CLANG_WARN_UNREACHABLE_CODE = YES;
				CLANG_WARN__DUPLICATE_METHOD_MATCH = YES;
				CODE_SIGN_IDENTITY = "iPhone Developer";
				COPY_PHASE_STRIP = NO;
				DEBUG_INFORMATION_FORMAT = dwarf;
				ENABLE_STRICT_OBJC_MSGSEND = YES;
				ENABLE_TESTABILITY = YES;
				GCC_C_LANGUAGE_STANDARD = gnu11;
				GCC_DYNAMIC_NO_PIC = NO;
				GCC_NO_COMMON_BLOCKS = YES;
				GCC_OPTIMIZATION_LEVEL = 0;
				GCC_PREPROCESSOR_DEFINITIONS = (
					"DEBUG=1",
					"$(inherited)",
				);
				GCC_WARN_64_TO_32_BIT_CONVERSION = YES;
				GCC_WARN_ABOUT_RETURN_TYPE = YES_ERROR;
				GCC_WARN_UNDECLARED_SELECTOR = YES;
				GCC_WARN_UNINITIALIZED_AUTOS = YES_AGGRESSIVE;
				GCC_WARN_UNUSED_FUNCTION = YES;
				GCC_WARN_UNUSED_VARIABLE = YES;
				IPHONEOS_DEPLOYMENT_TARGET = 12.0;
				MTL_ENABLE_DEBUG_INFO = INCLUDE_SOURCE;
				MTL_FAST_MATH = YES;
				ONLY_ACTIVE_ARCH = YES;
				SDKROOT = iphoneos;
				SWIFT_ACTIVE_COMPILATION_CONDITIONS = DEBUG;
				SWIFT_OPTIMIZATION_LEVEL = "-Onone";
			};
			name = Debug;
		};
		F1E192232167B953003615F7 /* Release */ = {
			isa = XCBuildConfiguration;
			buildSettings = {
				ALWAYS_SEARCH_USER_PATHS = NO;
				CLANG_ANALYZER_NONNULL = YES;
				CLANG_ANALYZER_NUMBER_OBJECT_CONVERSION = YES_AGGRESSIVE;
				CLANG_CXX_LANGUAGE_STANDARD = "gnu++14";
				CLANG_CXX_LIBRARY = "libc++";
				CLANG_ENABLE_MODULES = YES;
				CLANG_ENABLE_OBJC_ARC = YES;
				CLANG_ENABLE_OBJC_WEAK = YES;
				CLANG_WARN_BLOCK_CAPTURE_AUTORELEASING = YES;
				CLANG_WARN_BOOL_CONVERSION = YES;
				CLANG_WARN_COMMA = YES;
				CLANG_WARN_CONSTANT_CONVERSION = YES;
				CLANG_WARN_DEPRECATED_OBJC_IMPLEMENTATIONS = YES;
				CLANG_WARN_DIRECT_OBJC_ISA_USAGE = YES_ERROR;
				CLANG_WARN_DOCUMENTATION_COMMENTS = YES;
				CLANG_WARN_EMPTY_BODY = YES;
				CLANG_WARN_ENUM_CONVERSION = YES;
				CLANG_WARN_INFINITE_RECURSION = YES;
				CLANG_WARN_INT_CONVERSION = YES;
				CLANG_WARN_NON_LITERAL_NULL_CONVERSION = YES;
				CLANG_WARN_OBJC_IMPLICIT_RETAIN_SELF = YES;
				CLANG_WARN_OBJC_LITERAL_CONVERSION = YES;
				CLANG_WARN_OBJC_ROOT_CLASS = YES_ERROR;
				CLANG_WARN_RANGE_LOOP_ANALYSIS = YES;
				CLANG_WARN_STRICT_PROTOTYPES = YES;
				CLANG_WARN_SUSPICIOUS_MOVE = YES;
				CLANG_WARN_UNGUARDED_AVAILABILITY = YES_AGGRESSIVE;
				CLANG_WARN_UNREACHABLE_CODE = YES;
				CLANG_WARN__DUPLICATE_METHOD_MATCH = YES;
				CODE_SIGN_IDENTITY = "iPhone Developer";
				COPY_PHASE_STRIP = NO;
				DEBUG_INFORMATION_FORMAT = "dwarf-with-dsym";
				ENABLE_NS_ASSERTIONS = NO;
				ENABLE_STRICT_OBJC_MSGSEND = YES;
				GCC_C_LANGUAGE_STANDARD = gnu11;
				GCC_NO_COMMON_BLOCKS = YES;
				GCC_WARN_64_TO_32_BIT_CONVERSION = YES;
				GCC_WARN_ABOUT_RETURN_TYPE = YES_ERROR;
				GCC_WARN_UNDECLARED_SELECTOR = YES;
				GCC_WARN_UNINITIALIZED_AUTOS = YES_AGGRESSIVE;
				GCC_WARN_UNUSED_FUNCTION = YES;
				GCC_WARN_UNUSED_VARIABLE = YES;
				IPHONEOS_DEPLOYMENT_TARGET = 12.0;
				MTL_ENABLE_DEBUG_INFO = NO;
				MTL_FAST_MATH = YES;
				SDKROOT = iphoneos;
				SWIFT_COMPILATION_MODE = wholemodule;
				SWIFT_OPTIMIZATION_LEVEL = "-O";
				VALIDATE_PRODUCT = YES;
			};
			name = Release;
		};
		F1E192252167B953003615F7 /* Debug */ = {
			isa = XCBuildConfiguration;
			baseConfigurationReference = 55D6F67CA6CA8F0FBE952352 /* Pods-ShowcaseApp.debug.xcconfig */;
			buildSettings = {
				ASSETCATALOG_COMPILER_APPICON_NAME = AppIcon;
				CODE_SIGN_STYLE = Automatic;
				DEVELOPMENT_TEAM = 642J3P53HE;
				INFOPLIST_FILE = "$(SRCROOT)/ShowcaseApp/Assets/Info.plist";
				LD_RUNPATH_SEARCH_PATHS = (
					"$(inherited)",
					"@executable_path/Frameworks",
				);
				PRODUCT_BUNDLE_IDENTIFIER = com.pintumo.ShowcaseApp;
				PRODUCT_NAME = "$(TARGET_NAME)";
				SWIFT_VERSION = 4.2;
				TARGETED_DEVICE_FAMILY = "1,2";
			};
			name = Debug;
		};
		F1E192262167B953003615F7 /* Release */ = {
			isa = XCBuildConfiguration;
			baseConfigurationReference = D7289295DCAF4CB3B04E0FDD /* Pods-ShowcaseApp.release.xcconfig */;
			buildSettings = {
				ASSETCATALOG_COMPILER_APPICON_NAME = AppIcon;
				CODE_SIGN_STYLE = Automatic;
				DEVELOPMENT_TEAM = 642J3P53HE;
				INFOPLIST_FILE = "$(SRCROOT)/ShowcaseApp/Assets/Info.plist";
				LD_RUNPATH_SEARCH_PATHS = (
					"$(inherited)",
					"@executable_path/Frameworks",
				);
				PRODUCT_BUNDLE_IDENTIFIER = com.pintumo.ShowcaseApp;
				PRODUCT_NAME = "$(TARGET_NAME)";
				SWIFT_VERSION = 4.2;
				TARGETED_DEVICE_FAMILY = "1,2";
			};
			name = Release;
		};
		F1E192282167B953003615F7 /* Debug */ = {
			isa = XCBuildConfiguration;
			baseConfigurationReference = E509267658E4EC61DA0C57E2 /* Pods-ShowcaseAppTests.debug.xcconfig */;
			buildSettings = {
				ALWAYS_EMBED_SWIFT_STANDARD_LIBRARIES = YES;
				BUNDLE_LOADER = "$(TEST_HOST)";
				CODE_SIGN_STYLE = Automatic;
				DEVELOPMENT_TEAM = 642J3P53HE;
				INFOPLIST_FILE = ShowcaseAppTests/Info.plist;
				LD_RUNPATH_SEARCH_PATHS = (
					"$(inherited)",
					"@executable_path/Frameworks",
					"@loader_path/Frameworks",
				);
				PRODUCT_BUNDLE_IDENTIFIER = com.pintumo.ShowcaseAppTests;
				PRODUCT_NAME = "$(TARGET_NAME)";
				SWIFT_VERSION = 4.2;
				TARGETED_DEVICE_FAMILY = "1,2";
				TEST_HOST = "$(BUILT_PRODUCTS_DIR)/ShowcaseApp.app/ShowcaseApp";
			};
			name = Debug;
		};
		F1E192292167B953003615F7 /* Release */ = {
			isa = XCBuildConfiguration;
			baseConfigurationReference = 47B32DB0CBEDE94682B7F02C /* Pods-ShowcaseAppTests.release.xcconfig */;
			buildSettings = {
				ALWAYS_EMBED_SWIFT_STANDARD_LIBRARIES = YES;
				BUNDLE_LOADER = "$(TEST_HOST)";
				CODE_SIGN_STYLE = Automatic;
				DEVELOPMENT_TEAM = 642J3P53HE;
				INFOPLIST_FILE = ShowcaseAppTests/Info.plist;
				LD_RUNPATH_SEARCH_PATHS = (
					"$(inherited)",
					"@executable_path/Frameworks",
					"@loader_path/Frameworks",
				);
				PRODUCT_BUNDLE_IDENTIFIER = com.pintumo.ShowcaseAppTests;
				PRODUCT_NAME = "$(TARGET_NAME)";
				SWIFT_VERSION = 4.2;
				TARGETED_DEVICE_FAMILY = "1,2";
				TEST_HOST = "$(BUILT_PRODUCTS_DIR)/ShowcaseApp.app/ShowcaseApp";
			};
			name = Release;
		};
/* End XCBuildConfiguration section */

/* Begin XCConfigurationList section */
		F1E192022167B952003615F7 /* Build configuration list for PBXProject "ShowcaseApp" */ = {
			isa = XCConfigurationList;
			buildConfigurations = (
				F1E192222167B953003615F7 /* Debug */,
				F1E192232167B953003615F7 /* Release */,
			);
			defaultConfigurationIsVisible = 0;
			defaultConfigurationName = Release;
		};
		F1E192242167B953003615F7 /* Build configuration list for PBXNativeTarget "ShowcaseApp" */ = {
			isa = XCConfigurationList;
			buildConfigurations = (
				F1E192252167B953003615F7 /* Debug */,
				F1E192262167B953003615F7 /* Release */,
			);
			defaultConfigurationIsVisible = 0;
			defaultConfigurationName = Release;
		};
		F1E192272167B953003615F7 /* Build configuration list for PBXNativeTarget "ShowcaseAppTests" */ = {
			isa = XCConfigurationList;
			buildConfigurations = (
				F1E192282167B953003615F7 /* Debug */,
				F1E192292167B953003615F7 /* Release */,
			);
			defaultConfigurationIsVisible = 0;
			defaultConfigurationName = Release;
		};
/* End XCConfigurationList section */
	};
	rootObject = F1E191FF2167B952003615F7 /* Project object */;
}
